
Microsoft Visual Studio Solution File, Format Version 12.00
# Visual Studio Version 16
VisualStudioVersion = 16.0.30114.105
MinimumVisualStudioVersion = 10.0.40219.1
Project("{FAE04EC0-301F-11D3-BF4B-00C04F79EFBC}") = "API", "API\API.csproj", "{746F141B-4F02-4775-949A-981750F9902B}"
EndProject
Project("{FAE04EC0-301F-11D3-BF4B-00C04F79EFBC}") = "Application", "Application\Application.csproj", "{8EF5F75E-495F-4DE2-BF25-8187B81009B8}"
EndProject
Project("{FAE04EC0-301F-11D3-BF4B-00C04F79EFBC}") = "Persistence", "Persistence\Persistence.csproj", "{7C815BBB-F537-427B-A256-DAB6E88196C7}"
EndProject
Project("{FAE04EC0-301F-11D3-BF4B-00C04F79EFBC}") = "Domain", "Domain\Domain.csproj", "{A15DF9EF-63D3-41E7-81AB-28A35763B678}"
EndProject
Global
	GlobalSection(SolutionConfigurationPlatforms) = preSolution
		Debug|Any CPU = Debug|Any CPU
		Release|Any CPU = Release|Any CPU
	EndGlobalSection
	GlobalSection(SolutionProperties) = preSolution
		HideSolutionNode = FALSE
	EndGlobalSection
	GlobalSection(ProjectConfigurationPlatforms) = postSolution
		{746F141B-4F02-4775-949A-981750F9902B}.Debug|Any CPU.ActiveCfg = Debug|Any CPU
		{746F141B-4F02-4775-949A-981750F9902B}.Debug|Any CPU.Build.0 = Debug|Any CPU
		{746F141B-4F02-4775-949A-981750F9902B}.Release|Any CPU.ActiveCfg = Release|Any CPU
		{746F141B-4F02-4775-949A-981750F9902B}.Release|Any CPU.Build.0 = Release|Any CPU
		{8EF5F75E-495F-4DE2-BF25-8187B81009B8}.Debug|Any CPU.ActiveCfg = Debug|Any CPU
		{8EF5F75E-495F-4DE2-BF25-8187B81009B8}.Debug|Any CPU.Build.0 = Debug|Any CPU
		{8EF5F75E-495F-4DE2-BF25-8187B81009B8}.Release|Any CPU.ActiveCfg = Release|Any CPU
		{8EF5F75E-495F-4DE2-BF25-8187B81009B8}.Release|Any CPU.Build.0 = Release|Any CPU
		{7C815BBB-F537-427B-A256-DAB6E88196C7}.Debug|Any CPU.ActiveCfg = Debug|Any CPU
		{7C815BBB-F537-427B-A256-DAB6E88196C7}.Debug|Any CPU.Build.0 = Debug|Any CPU
		{7C815BBB-F537-427B-A256-DAB6E88196C7}.Release|Any CPU.ActiveCfg = Release|Any CPU
		{7C815BBB-F537-427B-A256-DAB6E88196C7}.Release|Any CPU.Build.0 = Release|Any CPU
		{A15DF9EF-63D3-41E7-81AB-28A35763B678}.Debug|Any CPU.ActiveCfg = Debug|Any CPU
		{A15DF9EF-63D3-41E7-81AB-28A35763B678}.Debug|Any CPU.Build.0 = Debug|Any CPU
		{A15DF9EF-63D3-41E7-81AB-28A35763B678}.Release|Any CPU.ActiveCfg = Release|Any CPU
		{A15DF9EF-63D3-41E7-81AB-28A35763B678}.Release|Any CPU.Build.0 = Release|Any CPU
	EndGlobalSection
EndGlobal
